
Microsoft Visual Studio Solution File, Format Version 12.00
# Visual Studio 2012
Project("{FAE04EC0-301F-11D3-BF4B-00C04F79EFBC}") = "Projeto", "Projeto\Projeto.csproj", "{9F41E697-290C-4EDE-AC33-2E7FB67A3AD7}"
EndProject
Project("{FAE04EC0-301F-11D3-BF4B-00C04F79EFBC}") = "DAL", "DAL\DAL.csproj", "{9E697805-D339-42CC-8465-A8CF6F948EB6}"
EndProject
Global
	GlobalSection(SolutionConfigurationPlatforms) = preSolution
		Debug|Any CPU = Debug|Any CPU
		Release|Any CPU = Release|Any CPU
	EndGlobalSection
	GlobalSection(ProjectConfigurationPlatforms) = postSolution
		{9F41E697-290C-4EDE-AC33-2E7FB67A3AD7}.Debug|Any CPU.ActiveCfg = Debug|Any CPU
		{9F41E697-290C-4EDE-AC33-2E7FB67A3AD7}.Debug|Any CPU.Build.0 = Debug|Any CPU
		{9F41E697-290C-4EDE-AC33-2E7FB67A3AD7}.Release|Any CPU.ActiveCfg = Release|Any CPU
		{9F41E697-290C-4EDE-AC33-2E7FB67A3AD7}.Release|Any CPU.Build.0 = Release|Any CPU
		{9E697805-D339-42CC-8465-A8CF6F948EB6}.Debug|Any CPU.ActiveCfg = Debug|Any CPU
		{9E697805-D339-42CC-8465-A8CF6F948EB6}.Debug|Any CPU.Build.0 = Debug|Any CPU
		{9E697805-D339-42CC-8465-A8CF6F948EB6}.Release|Any CPU.ActiveCfg = Release|Any CPU
		{9E697805-D339-42CC-8465-A8CF6F948EB6}.Release|Any CPU.Build.0 = Release|Any CPU
	EndGlobalSection
	GlobalSection(SolutionProperties) = preSolution
		HideSolutionNode = FALSE
	EndGlobalSection
EndGlobal
